// !$*UTF8*$!
{
	archiveVersion = 1;
	classes = {
	};
	objectVersion = 56;
	objects = {

/* Begin PBXBuildFile section */
		AF2598BE2923A915005F5F5F /* CircleGroupView.swift in Sources */ = {isa = PBXBuildFile; fileRef = AF2598BD2923A915005F5F5F /* CircleGroupView.swift */; };
		AF8EDB66292880100056799F /* AudioPlayer.swift in Sources */ = {isa = PBXBuildFile; fileRef = AF8EDB65292880100056799F /* AudioPlayer.swift */; };
		AFDF74ED292324A300FFD64A /* RestartApp.swift in Sources */ = {isa = PBXBuildFile; fileRef = AFDF74EC292324A300FFD64A /* RestartApp.swift */; };
		AFDF74EF292324A300FFD64A /* ContentView.swift in Sources */ = {isa = PBXBuildFile; fileRef = AFDF74EE292324A300FFD64A /* ContentView.swift */; };
		AFDF74F1292324A400FFD64A /* Assets.xcassets in Resources */ = {isa = PBXBuildFile; fileRef = AFDF74F0292324A400FFD64A /* Assets.xcassets */; };
		AFDF74F4292324A400FFD64A /* Preview Assets.xcassets in Resources */ = {isa = PBXBuildFile; fileRef = AFDF74F3292324A400FFD64A /* Preview Assets.xcassets */; };
		AFDF7501292328A000FFD64A /* chimeup.mp3 in Resources */ = {isa = PBXBuildFile; fileRef = AFDF74FF292328A000FFD64A /* chimeup.mp3 */; };
		AFDF7502292328A000FFD64A /* success.m4a in Resources */ = {isa = PBXBuildFile; fileRef = AFDF7500292328A000FFD64A /* success.m4a */; };
		AFDF750829232DA100FFD64A /* OnboardingView.swift in Sources */ = {isa = PBXBuildFile; fileRef = AFDF750729232DA100FFD64A /* OnboardingView.swift */; };
		AFDF750A29232DB600FFD64A /* HomeView.swift in Sources */ = {isa = PBXBuildFile; fileRef = AFDF750929232DB600FFD64A /* HomeView.swift */; };
/* End PBXBuildFile section */

/* Begin PBXFileReference section */
		AF2598BD2923A915005F5F5F /* CircleGroupView.swift */ = {isa = PBXFileReference; lastKnownFileType = sourcecode.swift; path = CircleGroupView.swift; sourceTree = "<group>"; };
		AF8EDB65292880100056799F /* AudioPlayer.swift */ = {isa = PBXFileReference; lastKnownFileType = sourcecode.swift; path = AudioPlayer.swift; sourceTree = "<group>"; };
		AFDF74E9292324A300FFD64A /* Restart.app */ = {isa = PBXFileReference; explicitFileType = wrapper.application; includeInIndex = 0; path = Restart.app; sourceTree = BUILT_PRODUCTS_DIR; };
		AFDF74EC292324A300FFD64A /* RestartApp.swift */ = {isa = PBXFileReference; lastKnownFileType = sourcecode.swift; path = RestartApp.swift; sourceTree = "<group>"; };
		AFDF74EE292324A300FFD64A /* ContentView.swift */ = {isa = PBXFileReference; lastKnownFileType = sourcecode.swift; path = ContentView.swift; sourceTree = "<group>"; };
		AFDF74F0292324A400FFD64A /* Assets.xcassets */ = {isa = PBXFileReference; lastKnownFileType = folder.assetcatalog; path = Assets.xcassets; sourceTree = "<group>"; };
		AFDF74F3292324A400FFD64A /* Preview Assets.xcassets */ = {isa = PBXFileReference; lastKnownFileType = folder.assetcatalog; path = "Preview Assets.xcassets"; sourceTree = "<group>"; };
		AFDF74FF292328A000FFD64A /* chimeup.mp3 */ = {isa = PBXFileReference; lastKnownFileType = audio.mp3; name = chimeup.mp3; path = "Restart-App/Resources/Sounds/chimeup.mp3"; sourceTree = SOURCE_ROOT; };
		AFDF7500292328A000FFD64A /* success.m4a */ = {isa = PBXFileReference; lastKnownFileType = file; name = success.m4a; path = "Restart-App/Resources/Sounds/success.m4a"; sourceTree = SOURCE_ROOT; };
		AFDF750629232D2F00FFD64A /* Info.plist */ = {isa = PBXFileReference; lastKnownFileType = text.plist; path = Info.plist; sourceTree = "<group>"; };
		AFDF750729232DA100FFD64A /* OnboardingView.swift */ = {isa = PBXFileReference; lastKnownFileType = sourcecode.swift; path = OnboardingView.swift; sourceTree = "<group>"; };
		AFDF750929232DB600FFD64A /* HomeView.swift */ = {isa = PBXFileReference; lastKnownFileType = sourcecode.swift; path = HomeView.swift; sourceTree = "<group>"; };
/* End PBXFileReference section */

/* Begin PBXFrameworksBuildPhase section */
		AFDF74E6292324A300FFD64A /* Frameworks */ = {
			isa = PBXFrameworksBuildPhase;
			buildActionMask = 2147483647;
			files = (
			);
			runOnlyForDeploymentPostprocessing = 0;
		};
/* End PBXFrameworksBuildPhase section */

/* Begin PBXGroup section */
		AFDF74E0292324A300FFD64A = {
			isa = PBXGroup;
			children = (
				AFDF74EB292324A300FFD64A /* Restart */,
				AFDF74EA292324A300FFD64A /* Products */,
			);
			sourceTree = "<group>";
		};
		AFDF74EA292324A300FFD64A /* Products */ = {
			isa = PBXGroup;
			children = (
				AFDF74E9292324A300FFD64A /* Restart.app */,
			);
			name = Products;
			sourceTree = "<group>";
		};
		AFDF74EB292324A300FFD64A /* Restart */ = {
			isa = PBXGroup;
			children = (
				AFDF750629232D2F00FFD64A /* Info.plist */,
				AFDF750529232A6100FFD64A /* Utilities */,
				AFDF750429232A3600FFD64A /* Views */,
				AFDF74FE292327BF00FFD64A /* Sounds */,
				AFDF74EC292324A300FFD64A /* RestartApp.swift */,
				AFDF750329232A1E00FFD64A /* Screens */,
				AFDF74F0292324A400FFD64A /* Assets.xcassets */,
				AFDF74F2292324A400FFD64A /* Preview Content */,
			);
			path = Restart;
			sourceTree = "<group>";
		};
		AFDF74F2292324A400FFD64A /* Preview Content */ = {
			isa = PBXGroup;
			children = (
				AFDF74F3292324A400FFD64A /* Preview Assets.xcassets */,
			);
			path = "Preview Content";
			sourceTree = "<group>";
		};
		AFDF74FE292327BF00FFD64A /* Sounds */ = {
			isa = PBXGroup;
			children = (
				AFDF74FF292328A000FFD64A /* chimeup.mp3 */,
				AFDF7500292328A000FFD64A /* success.m4a */,
			);
			path = Sounds;
			sourceTree = "<group>";
		};
		AFDF750329232A1E00FFD64A /* Screens */ = {
			isa = PBXGroup;
			children = (
				AFDF74EE292324A300FFD64A /* ContentView.swift */,
				AFDF750729232DA100FFD64A /* OnboardingView.swift */,
				AFDF750929232DB600FFD64A /* HomeView.swift */,
			);
			path = Screens;
			sourceTree = "<group>";
		};
		AFDF750429232A3600FFD64A /* Views */ = {
			isa = PBXGroup;
			children = (
				AF2598BD2923A915005F5F5F /* CircleGroupView.swift */,
			);
			path = Views;
			sourceTree = "<group>";
		};
		AFDF750529232A6100FFD64A /* Utilities */ = {
			isa = PBXGroup;
			children = (
				AF8EDB65292880100056799F /* AudioPlayer.swift */,
			);
			path = Utilities;
			sourceTree = "<group>";
		};
/* End PBXGroup section */

/* Begin PBXNativeTarget section */
		AFDF74E8292324A300FFD64A /* Restart */ = {
			isa = PBXNativeTarget;
			buildConfigurationList = AFDF74F7292324A400FFD64A /* Build configuration list for PBXNativeTarget "Restart" */;
			buildPhases = (
				AFDF74E5292324A300FFD64A /* Sources */,
				AFDF74E6292324A300FFD64A /* Frameworks */,
				AFDF74E7292324A300FFD64A /* Resources */,
			);
			buildRules = (
			);
			dependencies = (
			);
			name = Restart;
			productName = Restart;
			productReference = AFDF74E9292324A300FFD64A /* Restart.app */;
			productType = "com.apple.product-type.application";
		};
/* End PBXNativeTarget section */

/* Begin PBXProject section */
		AFDF74E1292324A300FFD64A /* Project object */ = {
			isa = PBXProject;
			attributes = {
				BuildIndependentTargetsInParallel = 1;
				LastSwiftUpdateCheck = 1410;
				LastUpgradeCheck = 1410;
				TargetAttributes = {
					AFDF74E8292324A300FFD64A = {
						CreatedOnToolsVersion = 14.1;
					};
				};
			};
			buildConfigurationList = AFDF74E4292324A300FFD64A /* Build configuration list for PBXProject "Restart" */;
			compatibilityVersion = "Xcode 14.0";
			developmentRegion = en;
			hasScannedForEncodings = 0;
			knownRegions = (
				en,
				Base,
			);
			mainGroup = AFDF74E0292324A300FFD64A;
			productRefGroup = AFDF74EA292324A300FFD64A /* Products */;
			projectDirPath = "";
			projectRoot = "";
			targets = (
				AFDF74E8292324A300FFD64A /* Restart */,
			);
		};
/* End PBXProject section */

/* Begin PBXResourcesBuildPhase section */
		AFDF74E7292324A300FFD64A /* Resources */ = {
			isa = PBXResourcesBuildPhase;
			buildActionMask = 2147483647;
			files = (
				AFDF7502292328A000FFD64A /* success.m4a in Resources */,
				AFDF7501292328A000FFD64A /* chimeup.mp3 in Resources */,
				AFDF74F4292324A400FFD64A /* Preview Assets.xcassets in Resources */,
				AFDF74F1292324A400FFD64A /* Assets.xcassets in Resources */,
			);
			runOnlyForDeploymentPostprocessing = 0;
		};
/* End PBXResourcesBuildPhase section */

/* Begin PBXSourcesBuildPhase section */
		AFDF74E5292324A300FFD64A /* Sources */ = {
			isa = PBXSourcesBuildPhase;
			buildActionMask = 2147483647;
			files = (
				AF2598BE2923A915005F5F5F /* CircleGroupView.swift in Sources */,
				AFDF750829232DA100FFD64A /* OnboardingView.swift in Sources */,
				AFDF750A29232DB600FFD64A /* HomeView.swift in Sources */,
				AFDF74EF292324A300FFD64A /* ContentView.swift in Sources */,
				AFDF74ED292324A300FFD64A /* RestartApp.swift in Sources */,
				AF8EDB66292880100056799F /* AudioPlayer.swift in Sources */,
			);
			runOnlyForDeploymentPostprocessing = 0;
		};
/* End PBXSourcesBuildPhase section */

/* Begin XCBuildConfiguration section */
		AFDF74F5292324A400FFD64A /* Debug */ = {
			isa = XCBuildConfiguration;
			buildSettings = {
				ALWAYS_SEARCH_USER_PATHS = NO;
				CLANG_ANALYZER_NONNULL = YES;
				CLANG_ANALYZER_NUMBER_OBJECT_CONVERSION = YES_AGGRESSIVE;
				CLANG_CXX_LANGUAGE_STANDARD = "gnu++20";
				CLANG_ENABLE_MODULES = YES;
				CLANG_ENABLE_OBJC_ARC = YES;
				CLANG_ENABLE_OBJC_WEAK = YES;
				CLANG_WARN_BLOCK_CAPTURE_AUTORELEASING = YES;
				CLANG_WARN_BOOL_CONVERSION = YES;
				CLANG_WARN_COMMA = YES;
				CLANG_WARN_CONSTANT_CONVERSION = YES;
				CLANG_WARN_DEPRECATED_OBJC_IMPLEMENTATIONS = YES;
				CLANG_WARN_DIRECT_OBJC_ISA_USAGE = YES_ERROR;
				CLANG_WARN_DOCUMENTATION_COMMENTS = YES;
				CLANG_WARN_EMPTY_BODY = YES;
				CLANG_WARN_ENUM_CONVERSION = YES;
				CLANG_WARN_INFINITE_RECURSION = YES;
				CLANG_WARN_INT_CONVERSION = YES;
				CLANG_WARN_NON_LITERAL_NULL_CONVERSION = YES;
				CLANG_WARN_OBJC_IMPLICIT_RETAIN_SELF = YES;
				CLANG_WARN_OBJC_LITERAL_CONVERSION = YES;
				CLANG_WARN_OBJC_ROOT_CLASS = YES_ERROR;
				CLANG_WARN_QUOTED_INCLUDE_IN_FRAMEWORK_HEADER = YES;
				CLANG_WARN_RANGE_LOOP_ANALYSIS = YES;
				CLANG_WARN_STRICT_PROTOTYPES = YES;
				CLANG_WARN_SUSPICIOUS_MOVE = YES;
				CLANG_WARN_UNGUARDED_AVAILABILITY = YES_AGGRESSIVE;
				CLANG_WARN_UNREACHABLE_CODE = YES;
				CLANG_WARN__DUPLICATE_METHOD_MATCH = YES;
				COPY_PHASE_STRIP = NO;
				DEBUG_INFORMATION_FORMAT = dwarf;
				ENABLE_STRICT_OBJC_MSGSEND = YES;
				ENABLE_TESTABILITY = YES;
				GCC_C_LANGUAGE_STANDARD = gnu11;
				GCC_DYNAMIC_NO_PIC = NO;
				GCC_NO_COMMON_BLOCKS = YES;
				GCC_OPTIMIZATION_LEVEL = 0;
				GCC_PREPROCESSOR_DEFINITIONS = (
					"DEBUG=1",
					"$(inherited)",
				);
				GCC_WARN_64_TO_32_BIT_CONVERSION = YES;
				GCC_WARN_ABOUT_RETURN_TYPE = YES_ERROR;
				GCC_WARN_UNDECLARED_SELECTOR = YES;
				GCC_WARN_UNINITIALIZED_AUTOS = YES_AGGRESSIVE;
				GCC_WARN_UNUSED_FUNCTION = YES;
				GCC_WARN_UNUSED_VARIABLE = YES;
				IPHONEOS_DEPLOYMENT_TARGET = 16.1;
				MTL_ENABLE_DEBUG_INFO = INCLUDE_SOURCE;
				MTL_FAST_MATH = YES;
				ONLY_ACTIVE_ARCH = YES;
				SDKROOT = iphoneos;
				SWIFT_ACTIVE_COMPILATION_CONDITIONS = DEBUG;
				SWIFT_OPTIMIZATION_LEVEL = "-Onone";
			};
			name = Debug;
		};
		AFDF74F6292324A400FFD64A /* Release */ = {
			isa = XCBuildConfiguration;
			buildSettings = {
				ALWAYS_SEARCH_USER_PATHS = NO;
				CLANG_ANALYZER_NONNULL = YES;
				CLANG_ANALYZER_NUMBER_OBJECT_CONVERSION = YES_AGGRESSIVE;
				CLANG_CXX_LANGUAGE_STANDARD = "gnu++20";
				CLANG_ENABLE_MODULES = YES;
				CLANG_ENABLE_OBJC_ARC = YES;
				CLANG_ENABLE_OBJC_WEAK = YES;
				CLANG_WARN_BLOCK_CAPTURE_AUTORELEASING = YES;
				CLANG_WARN_BOOL_CONVERSION = YES;
				CLANG_WARN_COMMA = YES;
				CLANG_WARN_CONSTANT_CONVERSION = YES;
				CLANG_WARN_DEPRECATED_OBJC_IMPLEMENTATIONS = YES;
				CLANG_WARN_DIRECT_OBJC_ISA_USAGE = YES_ERROR;
				CLANG_WARN_DOCUMENTATION_COMMENTS = YES;
				CLANG_WARN_EMPTY_BODY = YES;
				CLANG_WARN_ENUM_CONVERSION = YES;
				CLANG_WARN_INFINITE_RECURSION = YES;
				CLANG_WARN_INT_CONVERSION = YES;
				CLANG_WARN_NON_LITERAL_NULL_CONVERSION = YES;
				CLANG_WARN_OBJC_IMPLICIT_RETAIN_SELF = YES;
				CLANG_WARN_OBJC_LITERAL_CONVERSION = YES;
				CLANG_WARN_OBJC_ROOT_CLASS = YES_ERROR;
				CLANG_WARN_QUOTED_INCLUDE_IN_FRAMEWORK_HEADER = YES;
				CLANG_WARN_RANGE_LOOP_ANALYSIS = YES;
				CLANG_WARN_STRICT_PROTOTYPES = YES;
				CLANG_WARN_SUSPICIOUS_MOVE = YES;
				CLANG_WARN_UNGUARDED_AVAILABILITY = YES_AGGRESSIVE;
				CLANG_WARN_UNREACHABLE_CODE = YES;
				CLANG_WARN__DUPLICATE_METHOD_MATCH = YES;
				COPY_PHASE_STRIP = NO;
				DEBUG_INFORMATION_FORMAT = "dwarf-with-dsym";
				ENABLE_NS_ASSERTIONS = NO;
				ENABLE_STRICT_OBJC_MSGSEND = YES;
				GCC_C_LANGUAGE_STANDARD = gnu11;
				GCC_NO_COMMON_BLOCKS = YES;
				GCC_WARN_64_TO_32_BIT_CONVERSION = YES;
				GCC_WARN_ABOUT_RETURN_TYPE = YES_ERROR;
				GCC_WARN_UNDECLARED_SELECTOR = YES;
				GCC_WARN_UNINITIALIZED_AUTOS = YES_AGGRESSIVE;
				GCC_WARN_UNUSED_FUNCTION = YES;
				GCC_WARN_UNUSED_VARIABLE = YES;
				IPHONEOS_DEPLOYMENT_TARGET = 16.1;
				MTL_ENABLE_DEBUG_INFO = NO;
				MTL_FAST_MATH = YES;
				SDKROOT = iphoneos;
				SWIFT_COMPILATION_MODE = wholemodule;
				SWIFT_OPTIMIZATION_LEVEL = "-O";
				VALIDATE_PRODUCT = YES;
			};
			name = Release;
		};
		AFDF74F8292324A400FFD64A /* Debug */ = {
			isa = XCBuildConfiguration;
			buildSettings = {
				ASSETCATALOG_COMPILER_APPICON_NAME = AppIcon;
				ASSETCATALOG_COMPILER_GLOBAL_ACCENT_COLOR_NAME = AccentColor;
				CODE_SIGN_STYLE = Automatic;
				CURRENT_PROJECT_VERSION = 1;
				DEVELOPMENT_ASSET_PATHS = "\"Restart/Preview Content\"";
				DEVELOPMENT_TEAM = N56N6LUJ28;
				ENABLE_PREVIEWS = YES;
				GENERATE_INFOPLIST_FILE = YES;
				INFOPLIST_FILE = Restart/Info.plist;
				INFOPLIST_KEY_LSApplicationCategoryType = "";
				INFOPLIST_KEY_UIApplicationSceneManifest_Generation = YES;
				INFOPLIST_KEY_UIApplicationSupportsIndirectInputEvents = YES;
				INFOPLIST_KEY_UISupportedInterfaceOrientations = "UIInterfaceOrientationLandscapeLeft UIInterfaceOrientationLandscapeRight UIInterfaceOrientationPortrait";
				INFOPLIST_KEY_UISupportedInterfaceOrientations_iPad = "UIInterfaceOrientationLandscapeLeft UIInterfaceOrientationLandscapeRight UIInterfaceOrientationPortrait UIInterfaceOrientationPortraitUpsideDown";
				IPHONEOS_DEPLOYMENT_TARGET = 16.1;
				LD_RUNPATH_SEARCH_PATHS = (
					"$(inherited)",
					"@executable_path/Frameworks",
				);
				MARKETING_VERSION = 1.0;
				PRODUCT_BUNDLE_IDENTIFIER = lucas.begnini.Restart;
				PRODUCT_NAME = "$(TARGET_NAME)";
				SWIFT_EMIT_LOC_STRINGS = YES;
				SWIFT_VERSION = 5.0;
				TARGETED_DEVICE_FAMILY = "1,2";
			};
			name = Debug;
		};
		AFDF74F9292324A400FFD64A /* Release */ = {
			isa = XCBuildConfiguration;
			buildSettings = {
				ASSETCATALOG_COMPILER_APPICON_NAME = AppIcon;
				ASSETCATALOG_COMPILER_GLOBAL_ACCENT_COLOR_NAME = AccentColor;
				CODE_SIGN_STYLE = Automatic;
				CURRENT_PROJECT_VERSION = 1;
				DEVELOPMENT_ASSET_PATHS = "\"Restart/Preview Content\"";
				DEVELOPMENT_TEAM = N56N6LUJ28;
				ENABLE_PREVIEWS = YES;
				GENERATE_INFOPLIST_FILE = YES;
				INFOPLIST_FILE = Restart/Info.plist;
				INFOPLIST_KEY_LSApplicationCategoryType = "";
				INFOPLIST_KEY_UIApplicationSceneManifest_Generation = YES;
				INFOPLIST_KEY_UIApplicationSupportsIndirectInputEvents = YES;
				INFOPLIST_KEY_UISupportedInterfaceOrientations = "UIInterfaceOrientationLandscapeLeft UIInterfaceOrientationLandscapeRight UIInterfaceOrientationPortrait";
				INFOPLIST_KEY_UISupportedInterfaceOrientations_iPad = "UIInterfaceOrientationLandscapeLeft UIInterfaceOrientationLandscapeRight UIInterfaceOrientationPortrait UIInterfaceOrientationPortraitUpsideDown";
				IPHONEOS_DEPLOYMENT_TARGET = 16.1;
				LD_RUNPATH_SEARCH_PATHS = (
					"$(inherited)",
					"@executable_path/Frameworks",
				);
				MARKETING_VERSION = 1.0;
				PRODUCT_BUNDLE_IDENTIFIER = lucas.begnini.Restart;
				PRODUCT_NAME = "$(TARGET_NAME)";
				SWIFT_EMIT_LOC_STRINGS = YES;
				SWIFT_VERSION = 5.0;
				TARGETED_DEVICE_FAMILY = "1,2";
			};
			name = Release;
		};
/* End XCBuildConfiguration section */

/* Begin XCConfigurationList section */
		AFDF74E4292324A300FFD64A /* Build configuration list for PBXProject "Restart" */ = {
			isa = XCConfigurationList;
			buildConfigurations = (
				AFDF74F5292324A400FFD64A /* Debug */,
				AFDF74F6292324A400FFD64A /* Release */,
			);
			defaultConfigurationIsVisible = 0;
			defaultConfigurationName = Release;
		};
		AFDF74F7292324A400FFD64A /* Build configuration list for PBXNativeTarget "Restart" */ = {
			isa = XCConfigurationList;
			buildConfigurations = (
				AFDF74F8292324A400FFD64A /* Debug */,
				AFDF74F9292324A400FFD64A /* Release */,
			);
			defaultConfigurationIsVisible = 0;
			defaultConfigurationName = Release;
		};
/* End XCConfigurationList section */
	};
	rootObject = AFDF74E1292324A300FFD64A /* Project object */;
}
